
Microsoft Visual Studio Solution File, Format Version 12.00
# Visual Studio 2013
VisualStudioVersion = 12.0.21005.1
MinimumVisualStudioVersion = 10.0.40219.1
Project("{FAE04EC0-301F-11D3-BF4B-00C04F79EFBC}") = "QTIENDEMO002", "QTIENDEMO002\QTIENDEMO002.csproj", "{2DD1A85B-DA0F-4117-81E8-E0191645165B}"
EndProject
Project("{FAE04EC0-301F-11D3-BF4B-00C04F79EFBC}") = "QTIENDEMO002.Tests", "QTIENDEMO002.Tests\QTIENDEMO002.Tests.csproj", "{FD4909D4-E629-457C-BE8F-0156F3B6D520}"
EndProject
Global
	GlobalSection(SolutionConfigurationPlatforms) = preSolution
		Debug|Any CPU = Debug|Any CPU
		Release|Any CPU = Release|Any CPU
	EndGlobalSection
	GlobalSection(ProjectConfigurationPlatforms) = postSolution
		{2DD1A85B-DA0F-4117-81E8-E0191645165B}.Debug|Any CPU.ActiveCfg = Debug|Any CPU
		{2DD1A85B-DA0F-4117-81E8-E0191645165B}.Debug|Any CPU.Build.0 = Debug|Any CPU
		{2DD1A85B-DA0F-4117-81E8-E0191645165B}.Release|Any CPU.ActiveCfg = Release|Any CPU
		{2DD1A85B-DA0F-4117-81E8-E0191645165B}.Release|Any CPU.Build.0 = Release|Any CPU
		{FD4909D4-E629-457C-BE8F-0156F3B6D520}.Debug|Any CPU.ActiveCfg = Debug|Any CPU
		{FD4909D4-E629-457C-BE8F-0156F3B6D520}.Debug|Any CPU.Build.0 = Debug|Any CPU
		{FD4909D4-E629-457C-BE8F-0156F3B6D520}.Release|Any CPU.ActiveCfg = Release|Any CPU
		{FD4909D4-E629-457C-BE8F-0156F3B6D520}.Release|Any CPU.Build.0 = Release|Any CPU
	EndGlobalSection
	GlobalSection(SolutionProperties) = preSolution
		HideSolutionNode = FALSE
	EndGlobalSection
EndGlobal
